
Microsoft Visual Studio Solution File, Format Version 12.00
# Visual Studio Version 17
VisualStudioVersion = 17.10.35122.118
MinimumVisualStudioVersion = 10.0.40219.1
Project("{FAE04EC0-301F-11D3-BF4B-00C04F79EFBC}") = "HR_BEND", "HR_BEND\HR_BEND.csproj", "{B524372C-D326-4524-AD49-1773E0C8E2E4}"
EndProject
Global
	GlobalSection(SolutionConfigurationPlatforms) = preSolution
		Debug|Any CPU = Debug|Any CPU
		Release|Any CPU = Release|Any CPU
	EndGlobalSection
	GlobalSection(ProjectConfigurationPlatforms) = postSolution
		{B524372C-D326-4524-AD49-1773E0C8E2E4}.Debug|Any CPU.ActiveCfg = Debug|Any CPU
		{B524372C-D326-4524-AD49-1773E0C8E2E4}.Debug|Any CPU.Build.0 = Debug|Any CPU
		{B524372C-D326-4524-AD49-1773E0C8E2E4}.Release|Any CPU.ActiveCfg = Release|Any CPU
		{B524372C-D326-4524-AD49-1773E0C8E2E4}.Release|Any CPU.Build.0 = Release|Any CPU
	EndGlobalSection
	GlobalSection(SolutionProperties) = preSolution
		HideSolutionNode = FALSE
	EndGlobalSection
	GlobalSection(ExtensibilityGlobals) = postSolution
		SolutionGuid = {FC9162B8-66EF-42D9-9761-7CE8196D7D2D}
	EndGlobalSection
EndGlobal
